
Microsoft Visual Studio Solution File, Format Version 12.00
# Visual Studio Version 17
VisualStudioVersion = 17.13.35825.156 d17.13
MinimumVisualStudioVersion = 10.0.40219.1
Project("{FAE04EC0-301F-11D3-BF4B-00C04F79EFBC}") = "ImplicitConversion&Casting", "ImplicitConversion&Casting\ImplicitConversion&Casting.csproj", "{926B7CEE-1B8D-4064-A565-67FA7F3C1732}"
EndProject
Global
	GlobalSection(SolutionConfigurationPlatforms) = preSolution
		Debug|Any CPU = Debug|Any CPU
		Release|Any CPU = Release|Any CPU
	EndGlobalSection
	GlobalSection(ProjectConfigurationPlatforms) = postSolution
		{926B7CEE-1B8D-4064-A565-67FA7F3C1732}.Debug|Any CPU.ActiveCfg = Debug|Any CPU
		{926B7CEE-1B8D-4064-A565-67FA7F3C1732}.Debug|Any CPU.Build.0 = Debug|Any CPU
		{926B7CEE-1B8D-4064-A565-67FA7F3C1732}.Release|Any CPU.ActiveCfg = Release|Any CPU
		{926B7CEE-1B8D-4064-A565-67FA7F3C1732}.Release|Any CPU.Build.0 = Release|Any CPU
	EndGlobalSection
	GlobalSection(SolutionProperties) = preSolution
		HideSolutionNode = FALSE
	EndGlobalSection
	GlobalSection(ExtensibilityGlobals) = postSolution
		SolutionGuid = {1D558468-B891-4274-A6A0-86A8AC8008D5}
	EndGlobalSection
EndGlobal
