
Microsoft Visual Studio Solution File, Format Version 12.00
# Visual Studio Version 17
VisualStudioVersion = 17.13.35825.156 d17.13
MinimumVisualStudioVersion = 10.0.40219.1
Project("{FAE04EC0-301F-11D3-BF4B-00C04F79EFBC}") = "Operators", "Operators\Operators.csproj", "{EC10B71D-373C-4047-8BF0-BD43BFD929E3}"
EndProject
Global
	GlobalSection(SolutionConfigurationPlatforms) = preSolution
		Debug|Any CPU = Debug|Any CPU
		Release|Any CPU = Release|Any CPU
	EndGlobalSection
	GlobalSection(ProjectConfigurationPlatforms) = postSolution
		{EC10B71D-373C-4047-8BF0-BD43BFD929E3}.Debug|Any CPU.ActiveCfg = Debug|Any CPU
		{EC10B71D-373C-4047-8BF0-BD43BFD929E3}.Debug|Any CPU.Build.0 = Debug|Any CPU
		{EC10B71D-373C-4047-8BF0-BD43BFD929E3}.Release|Any CPU.ActiveCfg = Release|Any CPU
		{EC10B71D-373C-4047-8BF0-BD43BFD929E3}.Release|Any CPU.Build.0 = Release|Any CPU
	EndGlobalSection
	GlobalSection(SolutionProperties) = preSolution
		HideSolutionNode = FALSE
	EndGlobalSection
	GlobalSection(ExtensibilityGlobals) = postSolution
		SolutionGuid = {15529129-DC01-4EF2-AA32-F6492B4EF4FE}
	EndGlobalSection
EndGlobal
